
Microsoft Visual Studio Solution File, Format Version 12.00
# Visual Studio Version 17
VisualStudioVersion = 17.2.32516.85
MinimumVisualStudioVersion = 10.0.40219.1
Project("{FAE04EC0-301F-11D3-BF4B-00C04F79EFBC}") = "Task1", "Task1\Task1.csproj", "{B73D8E19-53F3-419E-BFE3-80DB5E30ED4C}"
EndProject
Project("{FAE04EC0-301F-11D3-BF4B-00C04F79EFBC}") = "Task2", "Task2\Task2.csproj", "{FAEA06CD-1C42-41EE-82B6-95ECFEEDDABE}"
EndProject
Global
	GlobalSection(SolutionConfigurationPlatforms) = preSolution
		Debug|Any CPU = Debug|Any CPU
		Release|Any CPU = Release|Any CPU
	EndGlobalSection
	GlobalSection(ProjectConfigurationPlatforms) = postSolution
		{B73D8E19-53F3-419E-BFE3-80DB5E30ED4C}.Debug|Any CPU.ActiveCfg = Debug|Any CPU
		{B73D8E19-53F3-419E-BFE3-80DB5E30ED4C}.Debug|Any CPU.Build.0 = Debug|Any CPU
		{B73D8E19-53F3-419E-BFE3-80DB5E30ED4C}.Release|Any CPU.ActiveCfg = Release|Any CPU
		{B73D8E19-53F3-419E-BFE3-80DB5E30ED4C}.Release|Any CPU.Build.0 = Release|Any CPU
		{FAEA06CD-1C42-41EE-82B6-95ECFEEDDABE}.Debug|Any CPU.ActiveCfg = Debug|Any CPU
		{FAEA06CD-1C42-41EE-82B6-95ECFEEDDABE}.Debug|Any CPU.Build.0 = Debug|Any CPU
		{FAEA06CD-1C42-41EE-82B6-95ECFEEDDABE}.Release|Any CPU.ActiveCfg = Release|Any CPU
		{FAEA06CD-1C42-41EE-82B6-95ECFEEDDABE}.Release|Any CPU.Build.0 = Release|Any CPU
	EndGlobalSection
	GlobalSection(SolutionProperties) = preSolution
		HideSolutionNode = FALSE
	EndGlobalSection
	GlobalSection(ExtensibilityGlobals) = postSolution
		SolutionGuid = {2E5FB0E5-C90A-4B47-B70E-14085CC277FD}
	EndGlobalSection
EndGlobal
